// !$*UTF8*$!
{
	archiveVersion = 1;
	classes = {
	};
	objectVersion = 50;
	objects = {

/* Begin PBXBuildFile section */
		D437DC5124E93D3000A4BB14 /* AppDelegate.swift in Sources */ = {isa = PBXBuildFile; fileRef = D437DC5024E93D3000A4BB14 /* AppDelegate.swift */; };
		D437DC5324E93D3000A4BB14 /* SceneDelegate.swift in Sources */ = {isa = PBXBuildFile; fileRef = D437DC5224E93D3000A4BB14 /* SceneDelegate.swift */; };
		D437DC5524E93D3000A4BB14 /* ContentView.swift in Sources */ = {isa = PBXBuildFile; fileRef = D437DC5424E93D3000A4BB14 /* ContentView.swift */; };
		D437DC5724E93D3500A4BB14 /* Assets.xcassets in Resources */ = {isa = PBXBuildFile; fileRef = D437DC5624E93D3500A4BB14 /* Assets.xcassets */; };
		D437DC5A24E93D3500A4BB14 /* Preview Assets.xcassets in Resources */ = {isa = PBXBuildFile; fileRef = D437DC5924E93D3500A4BB14 /* Preview Assets.xcassets */; };
		D437DC5D24E93D3500A4BB14 /* LaunchScreen.storyboard in Resources */ = {isa = PBXBuildFile; fileRef = D437DC5B24E93D3500A4BB14 /* LaunchScreen.storyboard */; };
		D4B6B4B124EA8257000C8126 /* resorts.json in Resources */ = {isa = PBXBuildFile; fileRef = D4B6B4B024EA8256000C8126 /* resorts.json */; };
		D4B6B4B324EA832A000C8126 /* Resort.swift in Sources */ = {isa = PBXBuildFile; fileRef = D4B6B4B224EA832A000C8126 /* Resort.swift */; };
		D4B6B4B524EA8464000C8126 /* Bundle-Decodable.swift in Sources */ = {isa = PBXBuildFile; fileRef = D4B6B4B424EA8464000C8126 /* Bundle-Decodable.swift */; };
/* End PBXBuildFile section */

/* Begin PBXFileReference section */
		D437DC4D24E93D3000A4BB14 /* SnowSeeker.app */ = {isa = PBXFileReference; explicitFileType = wrapper.application; includeInIndex = 0; path = SnowSeeker.app; sourceTree = BUILT_PRODUCTS_DIR; };
		D437DC5024E93D3000A4BB14 /* AppDelegate.swift */ = {isa = PBXFileReference; lastKnownFileType = sourcecode.swift; path = AppDelegate.swift; sourceTree = "<group>"; };
		D437DC5224E93D3000A4BB14 /* SceneDelegate.swift */ = {isa = PBXFileReference; lastKnownFileType = sourcecode.swift; path = SceneDelegate.swift; sourceTree = "<group>"; };
		D437DC5424E93D3000A4BB14 /* ContentView.swift */ = {isa = PBXFileReference; lastKnownFileType = sourcecode.swift; path = ContentView.swift; sourceTree = "<group>"; };
		D437DC5624E93D3500A4BB14 /* Assets.xcassets */ = {isa = PBXFileReference; lastKnownFileType = folder.assetcatalog; path = Assets.xcassets; sourceTree = "<group>"; };
		D437DC5924E93D3500A4BB14 /* Preview Assets.xcassets */ = {isa = PBXFileReference; lastKnownFileType = folder.assetcatalog; path = "Preview Assets.xcassets"; sourceTree = "<group>"; };
		D437DC5C24E93D3500A4BB14 /* Base */ = {isa = PBXFileReference; lastKnownFileType = file.storyboard; name = Base; path = Base.lproj/LaunchScreen.storyboard; sourceTree = "<group>"; };
		D437DC5E24E93D3500A4BB14 /* Info.plist */ = {isa = PBXFileReference; lastKnownFileType = text.plist.xml; path = Info.plist; sourceTree = "<group>"; };
		D4B6B4B024EA8256000C8126 /* resorts.json */ = {isa = PBXFileReference; fileEncoding = 4; lastKnownFileType = text.json; path = resorts.json; sourceTree = "<group>"; };
		D4B6B4B224EA832A000C8126 /* Resort.swift */ = {isa = PBXFileReference; lastKnownFileType = sourcecode.swift; path = Resort.swift; sourceTree = "<group>"; };
		D4B6B4B424EA8464000C8126 /* Bundle-Decodable.swift */ = {isa = PBXFileReference; lastKnownFileType = sourcecode.swift; path = "Bundle-Decodable.swift"; sourceTree = "<group>"; };
/* End PBXFileReference section */

/* Begin PBXFrameworksBuildPhase section */
		D437DC4A24E93D3000A4BB14 /* Frameworks */ = {
			isa = PBXFrameworksBuildPhase;
			buildActionMask = 2147483647;
			files = (
			);
			runOnlyForDeploymentPostprocessing = 0;
		};
/* End PBXFrameworksBuildPhase section */

/* Begin PBXGroup section */
		D437DC4424E93D3000A4BB14 = {
			isa = PBXGroup;
			children = (
				D437DC4F24E93D3000A4BB14 /* SnowSeeker */,
				D437DC4E24E93D3000A4BB14 /* Products */,
			);
			sourceTree = "<group>";
		};
		D437DC4E24E93D3000A4BB14 /* Products */ = {
			isa = PBXGroup;
			children = (
				D437DC4D24E93D3000A4BB14 /* SnowSeeker.app */,
			);
			name = Products;
			sourceTree = "<group>";
		};
		D437DC4F24E93D3000A4BB14 /* SnowSeeker */ = {
			isa = PBXGroup;
			children = (
				D437DC5024E93D3000A4BB14 /* AppDelegate.swift */,
				D437DC5224E93D3000A4BB14 /* SceneDelegate.swift */,
				D437DC5424E93D3000A4BB14 /* ContentView.swift */,
				D4B6B4B224EA832A000C8126 /* Resort.swift */,
				D4B6B4B424EA8464000C8126 /* Bundle-Decodable.swift */,
				D437DC5624E93D3500A4BB14 /* Assets.xcassets */,
				D437DC5B24E93D3500A4BB14 /* LaunchScreen.storyboard */,
				D437DC5E24E93D3500A4BB14 /* Info.plist */,
				D4B6B4B024EA8256000C8126 /* resorts.json */,
				D437DC5824E93D3500A4BB14 /* Preview Content */,
			);
			path = SnowSeeker;
			sourceTree = "<group>";
		};
		D437DC5824E93D3500A4BB14 /* Preview Content */ = {
			isa = PBXGroup;
			children = (
				D437DC5924E93D3500A4BB14 /* Preview Assets.xcassets */,
			);
			path = "Preview Content";
			sourceTree = "<group>";
		};
/* End PBXGroup section */

/* Begin PBXNativeTarget section */
		D437DC4C24E93D3000A4BB14 /* SnowSeeker */ = {
			isa = PBXNativeTarget;
			buildConfigurationList = D437DC6124E93D3500A4BB14 /* Build configuration list for PBXNativeTarget "SnowSeeker" */;
			buildPhases = (
				D437DC4924E93D3000A4BB14 /* Sources */,
				D437DC4A24E93D3000A4BB14 /* Frameworks */,
				D437DC4B24E93D3000A4BB14 /* Resources */,
			);
			buildRules = (
			);
			dependencies = (
			);
			name = SnowSeeker;
			productName = SnowSeeker;
			productReference = D437DC4D24E93D3000A4BB14 /* SnowSeeker.app */;
			productType = "com.apple.product-type.application";
		};
/* End PBXNativeTarget section */

/* Begin PBXProject section */
		D437DC4524E93D3000A4BB14 /* Project object */ = {
			isa = PBXProject;
			attributes = {
				LastSwiftUpdateCheck = 1160;
				LastUpgradeCheck = 1160;
				ORGANIZATIONNAME = "Gary Watson";
				TargetAttributes = {
					D437DC4C24E93D3000A4BB14 = {
						CreatedOnToolsVersion = 11.6;
					};
				};
			};
			buildConfigurationList = D437DC4824E93D3000A4BB14 /* Build configuration list for PBXProject "SnowSeeker" */;
			compatibilityVersion = "Xcode 9.3";
			developmentRegion = en;
			hasScannedForEncodings = 0;
			knownRegions = (
				en,
				Base,
			);
			mainGroup = D437DC4424E93D3000A4BB14;
			productRefGroup = D437DC4E24E93D3000A4BB14 /* Products */;
			projectDirPath = "";
			projectRoot = "";
			targets = (
				D437DC4C24E93D3000A4BB14 /* SnowSeeker */,
			);
		};
/* End PBXProject section */

/* Begin PBXResourcesBuildPhase section */
		D437DC4B24E93D3000A4BB14 /* Resources */ = {
			isa = PBXResourcesBuildPhase;
			buildActionMask = 2147483647;
			files = (
				D437DC5D24E93D3500A4BB14 /* LaunchScreen.storyboard in Resources */,
				D437DC5A24E93D3500A4BB14 /* Preview Assets.xcassets in Resources */,
				D4B6B4B124EA8257000C8126 /* resorts.json in Resources */,
				D437DC5724E93D3500A4BB14 /* Assets.xcassets in Resources */,
			);
			runOnlyForDeploymentPostprocessing = 0;
		};
/* End PBXResourcesBuildPhase section */

/* Begin PBXSourcesBuildPhase section */
		D437DC4924E93D3000A4BB14 /* Sources */ = {
			isa = PBXSourcesBuildPhase;
			buildActionMask = 2147483647;
			files = (
				D437DC5124E93D3000A4BB14 /* AppDelegate.swift in Sources */,
				D437DC5324E93D3000A4BB14 /* SceneDelegate.swift in Sources */,
				D4B6B4B524EA8464000C8126 /* Bundle-Decodable.swift in Sources */,
				D4B6B4B324EA832A000C8126 /* Resort.swift in Sources */,
				D437DC5524E93D3000A4BB14 /* ContentView.swift in Sources */,
			);
			runOnlyForDeploymentPostprocessing = 0;
		};
/* End PBXSourcesBuildPhase section */

/* Begin PBXVariantGroup section */
		D437DC5B24E93D3500A4BB14 /* LaunchScreen.storyboard */ = {
			isa = PBXVariantGroup;
			children = (
				D437DC5C24E93D3500A4BB14 /* Base */,
			);
			name = LaunchScreen.storyboard;
			sourceTree = "<group>";
		};
/* End PBXVariantGroup section */

/* Begin XCBuildConfiguration section */
		D437DC5F24E93D3500A4BB14 /* Debug */ = {
			isa = XCBuildConfiguration;
			buildSettings = {
				ALWAYS_SEARCH_USER_PATHS = NO;
				CLANG_ANALYZER_NONNULL = YES;
				CLANG_ANALYZER_NUMBER_OBJECT_CONVERSION = YES_AGGRESSIVE;
				CLANG_CXX_LANGUAGE_STANDARD = "gnu++14";
				CLANG_CXX_LIBRARY = "libc++";
				CLANG_ENABLE_MODULES = YES;
				CLANG_ENABLE_OBJC_ARC = YES;
				CLANG_ENABLE_OBJC_WEAK = YES;
				CLANG_WARN_BLOCK_CAPTURE_AUTORELEASING = YES;
				CLANG_WARN_BOOL_CONVERSION = YES;
				CLANG_WARN_COMMA = YES;
				CLANG_WARN_CONSTANT_CONVERSION = YES;
				CLANG_WARN_DEPRECATED_OBJC_IMPLEMENTATIONS = YES;
				CLANG_WARN_DIRECT_OBJC_ISA_USAGE = YES_ERROR;
				CLANG_WARN_DOCUMENTATION_COMMENTS = YES;
				CLANG_WARN_EMPTY_BODY = YES;
				CLANG_WARN_ENUM_CONVERSION = YES;
				CLANG_WARN_INFINITE_RECURSION = YES;
				CLANG_WARN_INT_CONVERSION = YES;
				CLANG_WARN_NON_LITERAL_NULL_CONVERSION = YES;
				CLANG_WARN_OBJC_IMPLICIT_RETAIN_SELF = YES;
				CLANG_WARN_OBJC_LITERAL_CONVERSION = YES;
				CLANG_WARN_OBJC_ROOT_CLASS = YES_ERROR;
				CLANG_WARN_RANGE_LOOP_ANALYSIS = YES;
				CLANG_WARN_STRICT_PROTOTYPES = YES;
				CLANG_WARN_SUSPICIOUS_MOVE = YES;
				CLANG_WARN_UNGUARDED_AVAILABILITY = YES_AGGRESSIVE;
				CLANG_WARN_UNREACHABLE_CODE = YES;
				CLANG_WARN__DUPLICATE_METHOD_MATCH = YES;
				COPY_PHASE_STRIP = NO;
				DEBUG_INFORMATION_FORMAT = dwarf;
				ENABLE_STRICT_OBJC_MSGSEND = YES;
				ENABLE_TESTABILITY = YES;
				GCC_C_LANGUAGE_STANDARD = gnu11;
				GCC_DYNAMIC_NO_PIC = NO;
				GCC_NO_COMMON_BLOCKS = YES;
				GCC_OPTIMIZATION_LEVEL = 0;
				GCC_PREPROCESSOR_DEFINITIONS = (
					"DEBUG=1",
					"$(inherited)",
				);
				GCC_WARN_64_TO_32_BIT_CONVERSION = YES;
				GCC_WARN_ABOUT_RETURN_TYPE = YES_ERROR;
				GCC_WARN_UNDECLARED_SELECTOR = YES;
				GCC_WARN_UNINITIALIZED_AUTOS = YES_AGGRESSIVE;
				GCC_WARN_UNUSED_FUNCTION = YES;
				GCC_WARN_UNUSED_VARIABLE = YES;
				IPHONEOS_DEPLOYMENT_TARGET = 13.6;
				MTL_ENABLE_DEBUG_INFO = INCLUDE_SOURCE;
				MTL_FAST_MATH = YES;
				ONLY_ACTIVE_ARCH = YES;
				SDKROOT = iphoneos;
				SWIFT_ACTIVE_COMPILATION_CONDITIONS = DEBUG;
				SWIFT_OPTIMIZATION_LEVEL = "-Onone";
			};
			name = Debug;
		};
		D437DC6024E93D3500A4BB14 /* Release */ = {
			isa = XCBuildConfiguration;
			buildSettings = {
				ALWAYS_SEARCH_USER_PATHS = NO;
				CLANG_ANALYZER_NONNULL = YES;
				CLANG_ANALYZER_NUMBER_OBJECT_CONVERSION = YES_AGGRESSIVE;
				CLANG_CXX_LANGUAGE_STANDARD = "gnu++14";
				CLANG_CXX_LIBRARY = "libc++";
				CLANG_ENABLE_MODULES = YES;
				CLANG_ENABLE_OBJC_ARC = YES;
				CLANG_ENABLE_OBJC_WEAK = YES;
				CLANG_WARN_BLOCK_CAPTURE_AUTORELEASING = YES;
				CLANG_WARN_BOOL_CONVERSION = YES;
				CLANG_WARN_COMMA = YES;
				CLANG_WARN_CONSTANT_CONVERSION = YES;
				CLANG_WARN_DEPRECATED_OBJC_IMPLEMENTATIONS = YES;
				CLANG_WARN_DIRECT_OBJC_ISA_USAGE = YES_ERROR;
				CLANG_WARN_DOCUMENTATION_COMMENTS = YES;
				CLANG_WARN_EMPTY_BODY = YES;
				CLANG_WARN_ENUM_CONVERSION = YES;
				CLANG_WARN_INFINITE_RECURSION = YES;
				CLANG_WARN_INT_CONVERSION = YES;
				CLANG_WARN_NON_LITERAL_NULL_CONVERSION = YES;
				CLANG_WARN_OBJC_IMPLICIT_RETAIN_SELF = YES;
				CLANG_WARN_OBJC_LITERAL_CONVERSION = YES;
				CLANG_WARN_OBJC_ROOT_CLASS = YES_ERROR;
				CLANG_WARN_RANGE_LOOP_ANALYSIS = YES;
				CLANG_WARN_STRICT_PROTOTYPES = YES;
				CLANG_WARN_SUSPICIOUS_MOVE = YES;
				CLANG_WARN_UNGUARDED_AVAILABILITY = YES_AGGRESSIVE;
				CLANG_WARN_UNREACHABLE_CODE = YES;
				CLANG_WARN__DUPLICATE_METHOD_MATCH = YES;
				COPY_PHASE_STRIP = NO;
				DEBUG_INFORMATION_FORMAT = "dwarf-with-dsym";
				ENABLE_NS_ASSERTIONS = NO;
				ENABLE_STRICT_OBJC_MSGSEND = YES;
				GCC_C_LANGUAGE_STANDARD = gnu11;
				GCC_NO_COMMON_BLOCKS = YES;
				GCC_WARN_64_TO_32_BIT_CONVERSION = YES;
				GCC_WARN_ABOUT_RETURN_TYPE = YES_ERROR;
				GCC_WARN_UNDECLARED_SELECTOR = YES;
				GCC_WARN_UNINITIALIZED_AUTOS = YES_AGGRESSIVE;
				GCC_WARN_UNUSED_FUNCTION = YES;
				GCC_WARN_UNUSED_VARIABLE = YES;
				IPHONEOS_DEPLOYMENT_TARGET = 13.6;
				MTL_ENABLE_DEBUG_INFO = NO;
				MTL_FAST_MATH = YES;
				SDKROOT = iphoneos;
				SWIFT_COMPILATION_MODE = wholemodule;
				SWIFT_OPTIMIZATION_LEVEL = "-O";
				VALIDATE_PRODUCT = YES;
			};
			name = Release;
		};
		D437DC6224E93D3500A4BB14 /* Debug */ = {
			isa = XCBuildConfiguration;
			buildSettings = {
				ASSETCATALOG_COMPILER_APPICON_NAME = AppIcon;
				CODE_SIGN_STYLE = Automatic;
				DEVELOPMENT_ASSET_PATHS = "\"SnowSeeker/Preview Content\"";
				DEVELOPMENT_TEAM = 59WWV9M44C;
				ENABLE_PREVIEWS = YES;
				INFOPLIST_FILE = SnowSeeker/Info.plist;
				LD_RUNPATH_SEARCH_PATHS = (
					"$(inherited)",
					"@executable_path/Frameworks",
				);
				PRODUCT_BUNDLE_IDENTIFIER = Watson.Gary.SnowSeeker;
				PRODUCT_NAME = "$(TARGET_NAME)";
				SWIFT_VERSION = 5.0;
				TARGETED_DEVICE_FAMILY = "1,2";
			};
			name = Debug;
		};
		D437DC6324E93D3500A4BB14 /* Release */ = {
			isa = XCBuildConfiguration;
			buildSettings = {
				ASSETCATALOG_COMPILER_APPICON_NAME = AppIcon;
				CODE_SIGN_STYLE = Automatic;
				DEVELOPMENT_ASSET_PATHS = "\"SnowSeeker/Preview Content\"";
				DEVELOPMENT_TEAM = 59WWV9M44C;
				ENABLE_PREVIEWS = YES;
				INFOPLIST_FILE = SnowSeeker/Info.plist;
				LD_RUNPATH_SEARCH_PATHS = (
					"$(inherited)",
					"@executable_path/Frameworks",
				);
				PRODUCT_BUNDLE_IDENTIFIER = Watson.Gary.SnowSeeker;
				PRODUCT_NAME = "$(TARGET_NAME)";
				SWIFT_VERSION = 5.0;
				TARGETED_DEVICE_FAMILY = "1,2";
			};
			name = Release;
		};
/* End XCBuildConfiguration section */

/* Begin XCConfigurationList section */
		D437DC4824E93D3000A4BB14 /* Build configuration list for PBXProject "SnowSeeker" */ = {
			isa = XCConfigurationList;
			buildConfigurations = (
				D437DC5F24E93D3500A4BB14 /* Debug */,
				D437DC6024E93D3500A4BB14 /* Release */,
			);
			defaultConfigurationIsVisible = 0;
			defaultConfigurationName = Release;
		};
		D437DC6124E93D3500A4BB14 /* Build configuration list for PBXNativeTarget "SnowSeeker" */ = {
			isa = XCConfigurationList;
			buildConfigurations = (
				D437DC6224E93D3500A4BB14 /* Debug */,
				D437DC6324E93D3500A4BB14 /* Release */,
			);
			defaultConfigurationIsVisible = 0;
			defaultConfigurationName = Release;
		};
/* End XCConfigurationList section */
	};
	rootObject = D437DC4524E93D3000A4BB14 /* Project object */;
}
